<?xml version="1.0" encoding="utf-8"?>
<Project ToolsVersion="17.0" xmlns="http://schemas.microsoft.com/developer/msbuild/2003">
  <ItemGroup>
    <CustomBuild Include="F:\AutomataLife\build_windows_v3\CMakeFiles\9cef7713f2fa76635a0cb16819822ff2\Nightly.rule">
      <Filter>CMake Rules</Filter>
    </CustomBuild>
    <CustomBuild Include="F:\AutomataLife\CMakeLists.txt" />
  </ItemGroup>
  <ItemGroup>
    <None Include="F:\AutomataLife\build_windows_v3\CMakeFiles\Nightly" />
  </ItemGroup>
  <ItemGroup>
    <Filter Include="CMake Rules">
      <UniqueIdentifier>{7C3CB452-6970-3D5B-9074-D784944F7672}</UniqueIdentifier>
    </Filter>
  </ItemGroup>
</Project>
